// !$*UTF8*$!
{
	archiveVersion = 1;
	classes = {
	};
	objectVersion = 56;
	objects = {

/* Begin PBXBuildFile section */
		0F0F8C922952398600BB617E /* BusRoute.swift in Sources */ = {isa = PBXBuildFile; fileRef = 0F0F8C912952398600BB617E /* BusRoute.swift */; };
		0F0F8C95295293E300BB617E /* Extensions.swift in Sources */ = {isa = PBXBuildFile; fileRef = 0F0F8C94295293E300BB617E /* Extensions.swift */; };
		0F0F8C972953F95800BB617E /* PatternData.swift in Sources */ = {isa = PBXBuildFile; fileRef = 0F0F8C962953F95800BB617E /* PatternData.swift */; };
		0F0F8C992953FBAB00BB617E /* BusPattern.swift in Sources */ = {isa = PBXBuildFile; fileRef = 0F0F8C982953FBAB00BB617E /* BusPattern.swift */; };
		0F17E7A82973A47C00B7A389 /* RecentLocationsTableViewCell.swift in Sources */ = {isa = PBXBuildFile; fileRef = 0F17E7A72973A47C00B7A389 /* RecentLocationsTableViewCell.swift */; };
		0F17E7AA2973D2B700B7A389 /* HomeScreenMenuViewController+Route Generation.swift in Sources */ = {isa = PBXBuildFile; fileRef = 0F17E7A92973D2B700B7A389 /* HomeScreenMenuViewController+Route Generation.swift */; };
		0F17E7AC2973EB5800B7A389 /* BusInformationViewController.swift in Sources */ = {isa = PBXBuildFile; fileRef = 0F17E7AB2973EB5800B7A389 /* BusInformationViewController.swift */; };
		0F17E7AE2973ECDE00B7A389 /* Protocols.swift in Sources */ = {isa = PBXBuildFile; fileRef = 0F17E7AD2973ECDE00B7A389 /* Protocols.swift */; };
		0F1AF87E2950E46100BE0C85 /* RouteData.swift in Sources */ = {isa = PBXBuildFile; fileRef = 0F1AF87D2950E46100BE0C85 /* RouteData.swift */; };
		0F22D400296296A9000AAC01 /* SearchResultsDropDownCell.swift in Sources */ = {isa = PBXBuildFile; fileRef = 0F22D3FE296296A9000AAC01 /* SearchResultsDropDownCell.swift */; };
		0F22D401296296A9000AAC01 /* SearchResultsDropDownCell.xib in Resources */ = {isa = PBXBuildFile; fileRef = 0F22D3FF296296A9000AAC01 /* SearchResultsDropDownCell.xib */; };
		0F2F37FE29318150005998AF /* HomeScreenViewController.swift in Sources */ = {isa = PBXBuildFile; fileRef = 0F2F37FD29318150005998AF /* HomeScreenViewController.swift */; };
		0F36CD3829155B460059BC24 /* AppDelegate.swift in Sources */ = {isa = PBXBuildFile; fileRef = 0F36CD3729155B460059BC24 /* AppDelegate.swift */; };
		0F36CD3A29155B460059BC24 /* SceneDelegate.swift in Sources */ = {isa = PBXBuildFile; fileRef = 0F36CD3929155B460059BC24 /* SceneDelegate.swift */; };
		0F36CD3F29155B460059BC24 /* Main.storyboard in Resources */ = {isa = PBXBuildFile; fileRef = 0F36CD3D29155B460059BC24 /* Main.storyboard */; };
		0F36CD4129155B460059BC24 /* Assets.xcassets in Resources */ = {isa = PBXBuildFile; fileRef = 0F36CD4029155B460059BC24 /* Assets.xcassets */; };
		0F36CD4429155B460059BC24 /* LaunchScreen.storyboard in Resources */ = {isa = PBXBuildFile; fileRef = 0F36CD4229155B460059BC24 /* LaunchScreen.storyboard */; };
		0F475E80296378B600571B8A /* BusData.swift in Sources */ = {isa = PBXBuildFile; fileRef = 0F475E7F296378B600571B8A /* BusData.swift */; };
		0F475E822963797900571B8A /* Bus.swift in Sources */ = {isa = PBXBuildFile; fileRef = 0F475E812963797900571B8A /* Bus.swift */; };
		0F62CD0A2938847700374C63 /* HomeScreenMenuViewController.swift in Sources */ = {isa = PBXBuildFile; fileRef = 0F62CD092938847700374C63 /* HomeScreenMenuViewController.swift */; };
		0F6DD8EB2A62333C003A6E44 /* HomeScrenMenuViewController+UISetup.swift in Sources */ = {isa = PBXBuildFile; fileRef = 0F6DD8EA2A62333C003A6E44 /* HomeScrenMenuViewController+UISetup.swift */; };
		0F6DD8ED2A62399B003A6E44 /* FavoritesTableViewCell.swift in Sources */ = {isa = PBXBuildFile; fileRef = 0F6DD8EC2A62399B003A6E44 /* FavoritesTableViewCell.swift */; };
		0F6DD8F02A623A1C003A6E44 /* FavoritesTableViewCell+UISetup.swift in Sources */ = {isa = PBXBuildFile; fileRef = 0F6DD8EF2A623A1C003A6E44 /* FavoritesTableViewCell+UISetup.swift */; };
		0F6DD8F22A623FF8003A6E44 /* HomeScreenMenuViewController+FavoritesTableViewSetup.swift in Sources */ = {isa = PBXBuildFile; fileRef = 0F6DD8F12A623FF8003A6E44 /* HomeScreenMenuViewController+FavoritesTableViewSetup.swift */; };
		0F770040294CB243008C421A /* BusRouteTableViewCell.swift in Sources */ = {isa = PBXBuildFile; fileRef = 0F77003F294CB243008C421A /* BusRouteTableViewCell.swift */; };
		0F7C72BB2968AEC00094151C /* RouteGenerator.swift in Sources */ = {isa = PBXBuildFile; fileRef = 0F7C72BA2968AEC00094151C /* RouteGenerator.swift */; };
		0F8B6351295A92E7000385C6 /* StopData.swift in Sources */ = {isa = PBXBuildFile; fileRef = 0F8B6350295A92E7000385C6 /* StopData.swift */; };
		0F8B6353295A93B6000385C6 /* BusStop.swift in Sources */ = {isa = PBXBuildFile; fileRef = 0F8B6352295A93B6000385C6 /* BusStop.swift */; };
		0F9300772974BC8700AC7FDB /* TimeTableTableViewCell.swift in Sources */ = {isa = PBXBuildFile; fileRef = 0F9300762974BC8700AC7FDB /* TimeTableTableViewCell.swift */; };
		0F933383294FC09100180E0E /* DataGatherer.swift in Sources */ = {isa = PBXBuildFile; fileRef = 0F933382294FC09100180E0E /* DataGatherer.swift */; };
		0FA9086C2970EC7D002E6AEA /* SearchResultsViewController.swift in Sources */ = {isa = PBXBuildFile; fileRef = 0FA9086B2970EC7D002E6AEA /* SearchResultsViewController.swift */; };
		0FA9086E2970ED10002E6AEA /* SearchResultsTableViewCell.swift in Sources */ = {isa = PBXBuildFile; fileRef = 0FA9086D2970ED10002E6AEA /* SearchResultsTableViewCell.swift */; };
		0FA9087229711BE2002E6AEA /* SearchResultsHeaderTableViewCell.swift in Sources */ = {isa = PBXBuildFile; fileRef = 0FA9087129711BE2002E6AEA /* SearchResultsHeaderTableViewCell.swift */; };
		0FA90874297165F1002E6AEA /* DirectionsViewController.swift in Sources */ = {isa = PBXBuildFile; fileRef = 0FA90873297165F1002E6AEA /* DirectionsViewController.swift */; };
		0FA90876297166A5002E6AEA /* EndpointsTableViewCell.swift in Sources */ = {isa = PBXBuildFile; fileRef = 0FA90875297166A5002E6AEA /* EndpointsTableViewCell.swift */; };
		0FA908782971F70B002E6AEA /* DirectionsTableViewCell.swift in Sources */ = {isa = PBXBuildFile; fileRef = 0FA908772971F70B002E6AEA /* DirectionsTableViewCell.swift */; };
		0FA9087E29726968002E6AEA /* LocationManager.swift in Sources */ = {isa = PBXBuildFile; fileRef = 0FA9087D29726968002E6AEA /* LocationManager.swift */; };
		0FA90880297272E1002E6AEA /* HomeScreenMenuViewController+Alerts.swift in Sources */ = {isa = PBXBuildFile; fileRef = 0FA9087F297272E1002E6AEA /* HomeScreenMenuViewController+Alerts.swift */; };
		0FA90882297279C5002E6AEA /* CustomAnnotations.swift in Sources */ = {isa = PBXBuildFile; fileRef = 0FA90881297279C5002E6AEA /* CustomAnnotations.swift */; };
		0FB4FB5C2960C02A0091B616 /* Model.xcdatamodeld in Sources */ = {isa = PBXBuildFile; fileRef = 0FB4FB5A2960C02A0091B616 /* Model.xcdatamodeld */; };
		0FBD765729764EC30024A627 /* AnnouncementData.swift in Sources */ = {isa = PBXBuildFile; fileRef = 0FBD765629764EC30024A627 /* AnnouncementData.swift */; };
		0FBD7659297651A90024A627 /* BusNotification.swift in Sources */ = {isa = PBXBuildFile; fileRef = 0FBD7658297651A90024A627 /* BusNotification.swift */; };
		0FBD765B29765AB10024A627 /* NotificationsTableViewCell.swift in Sources */ = {isa = PBXBuildFile; fileRef = 0FBD765A29765AB10024A627 /* NotificationsTableViewCell.swift */; };
		0FCD554A2965351C0091EAD1 /* Location.swift in Sources */ = {isa = PBXBuildFile; fileRef = 0FCD55492965351C0091EAD1 /* Location.swift */; };
		0FEB8F9B29555E6200D2BB1A /* CoordinateConverter.swift in Sources */ = {isa = PBXBuildFile; fileRef = 0FEB8F9A29555E6200D2BB1A /* CoordinateConverter.swift */; };
		0FEBBAFC297A545500974000 /* TimeTableHeaderViewCell.swift in Sources */ = {isa = PBXBuildFile; fileRef = 0FEBBAFB297A545500974000 /* TimeTableHeaderViewCell.swift */; };
		7A8363F15CFBB4406D490A79 /* Pods_Aggie_Transit.framework in Frameworks */ = {isa = PBXBuildFile; fileRef = 98533FCA8E57C99C2F068E7C /* Pods_Aggie_Transit.framework */; };
/* End PBXBuildFile section */

/* Begin PBXFileReference section */
		0F0F8C912952398600BB617E /* BusRoute.swift */ = {isa = PBXFileReference; lastKnownFileType = sourcecode.swift; path = BusRoute.swift; sourceTree = "<group>"; };
		0F0F8C94295293E300BB617E /* Extensions.swift */ = {isa = PBXFileReference; lastKnownFileType = sourcecode.swift; path = Extensions.swift; sourceTree = "<group>"; };
		0F0F8C962953F95800BB617E /* PatternData.swift */ = {isa = PBXFileReference; lastKnownFileType = sourcecode.swift; path = PatternData.swift; sourceTree = "<group>"; };
		0F0F8C982953FBAB00BB617E /* BusPattern.swift */ = {isa = PBXFileReference; lastKnownFileType = sourcecode.swift; path = BusPattern.swift; sourceTree = "<group>"; };
		0F17E7A72973A47C00B7A389 /* RecentLocationsTableViewCell.swift */ = {isa = PBXFileReference; lastKnownFileType = sourcecode.swift; path = RecentLocationsTableViewCell.swift; sourceTree = "<group>"; };
		0F17E7A92973D2B700B7A389 /* HomeScreenMenuViewController+Route Generation.swift */ = {isa = PBXFileReference; lastKnownFileType = sourcecode.swift; path = "HomeScreenMenuViewController+Route Generation.swift"; sourceTree = "<group>"; };
		0F17E7AB2973EB5800B7A389 /* BusInformationViewController.swift */ = {isa = PBXFileReference; lastKnownFileType = sourcecode.swift; path = BusInformationViewController.swift; sourceTree = "<group>"; };
		0F17E7AD2973ECDE00B7A389 /* Protocols.swift */ = {isa = PBXFileReference; lastKnownFileType = sourcecode.swift; path = Protocols.swift; sourceTree = "<group>"; };
		0F1AF87D2950E46100BE0C85 /* RouteData.swift */ = {isa = PBXFileReference; lastKnownFileType = sourcecode.swift; path = RouteData.swift; sourceTree = "<group>"; };
		0F22D3FE296296A9000AAC01 /* SearchResultsDropDownCell.swift */ = {isa = PBXFileReference; lastKnownFileType = sourcecode.swift; path = SearchResultsDropDownCell.swift; sourceTree = "<group>"; };
		0F22D3FF296296A9000AAC01 /* SearchResultsDropDownCell.xib */ = {isa = PBXFileReference; lastKnownFileType = file.xib; path = SearchResultsDropDownCell.xib; sourceTree = "<group>"; };
		0F2F37FD29318150005998AF /* HomeScreenViewController.swift */ = {isa = PBXFileReference; lastKnownFileType = sourcecode.swift; path = HomeScreenViewController.swift; sourceTree = "<group>"; };
		0F36CD3429155B460059BC24 /* Aggie Transit.app */ = {isa = PBXFileReference; explicitFileType = wrapper.application; includeInIndex = 0; path = "Aggie Transit.app"; sourceTree = BUILT_PRODUCTS_DIR; };
		0F36CD3729155B460059BC24 /* AppDelegate.swift */ = {isa = PBXFileReference; lastKnownFileType = sourcecode.swift; path = AppDelegate.swift; sourceTree = "<group>"; };
		0F36CD3929155B460059BC24 /* SceneDelegate.swift */ = {isa = PBXFileReference; lastKnownFileType = sourcecode.swift; path = SceneDelegate.swift; sourceTree = "<group>"; };
		0F36CD3E29155B460059BC24 /* Base */ = {isa = PBXFileReference; lastKnownFileType = file.storyboard; name = Base; path = Base.lproj/Main.storyboard; sourceTree = "<group>"; };
		0F36CD4029155B460059BC24 /* Assets.xcassets */ = {isa = PBXFileReference; lastKnownFileType = folder.assetcatalog; path = Assets.xcassets; sourceTree = "<group>"; };
		0F36CD4329155B460059BC24 /* Base */ = {isa = PBXFileReference; lastKnownFileType = file.storyboard; name = Base; path = Base.lproj/LaunchScreen.storyboard; sourceTree = "<group>"; };
		0F36CD4529155B460059BC24 /* Info.plist */ = {isa = PBXFileReference; lastKnownFileType = text.plist.xml; path = Info.plist; sourceTree = "<group>"; };
		0F475E7F296378B600571B8A /* BusData.swift */ = {isa = PBXFileReference; lastKnownFileType = sourcecode.swift; path = BusData.swift; sourceTree = "<group>"; };
		0F475E812963797900571B8A /* Bus.swift */ = {isa = PBXFileReference; lastKnownFileType = sourcecode.swift; path = Bus.swift; sourceTree = "<group>"; };
		0F62CD092938847700374C63 /* HomeScreenMenuViewController.swift */ = {isa = PBXFileReference; lastKnownFileType = sourcecode.swift; path = HomeScreenMenuViewController.swift; sourceTree = "<group>"; };
		0F6DD8EA2A62333C003A6E44 /* HomeScrenMenuViewController+UISetup.swift */ = {isa = PBXFileReference; lastKnownFileType = sourcecode.swift; path = "HomeScrenMenuViewController+UISetup.swift"; sourceTree = "<group>"; };
		0F6DD8EC2A62399B003A6E44 /* FavoritesTableViewCell.swift */ = {isa = PBXFileReference; lastKnownFileType = sourcecode.swift; path = FavoritesTableViewCell.swift; sourceTree = "<group>"; };
		0F6DD8EF2A623A1C003A6E44 /* FavoritesTableViewCell+UISetup.swift */ = {isa = PBXFileReference; lastKnownFileType = sourcecode.swift; path = "FavoritesTableViewCell+UISetup.swift"; sourceTree = "<group>"; };
		0F6DD8F12A623FF8003A6E44 /* HomeScreenMenuViewController+FavoritesTableViewSetup.swift */ = {isa = PBXFileReference; lastKnownFileType = sourcecode.swift; path = "HomeScreenMenuViewController+FavoritesTableViewSetup.swift"; sourceTree = "<group>"; };
		0F77003F294CB243008C421A /* BusRouteTableViewCell.swift */ = {isa = PBXFileReference; lastKnownFileType = sourcecode.swift; path = BusRouteTableViewCell.swift; sourceTree = "<group>"; };
		0F7C72BA2968AEC00094151C /* RouteGenerator.swift */ = {isa = PBXFileReference; lastKnownFileType = sourcecode.swift; path = RouteGenerator.swift; sourceTree = "<group>"; };
		0F8B6350295A92E7000385C6 /* StopData.swift */ = {isa = PBXFileReference; lastKnownFileType = sourcecode.swift; path = StopData.swift; sourceTree = "<group>"; };
		0F8B6352295A93B6000385C6 /* BusStop.swift */ = {isa = PBXFileReference; lastKnownFileType = sourcecode.swift; path = BusStop.swift; sourceTree = "<group>"; };
		0F9300762974BC8700AC7FDB /* TimeTableTableViewCell.swift */ = {isa = PBXFileReference; lastKnownFileType = sourcecode.swift; path = TimeTableTableViewCell.swift; sourceTree = "<group>"; };
		0F933382294FC09100180E0E /* DataGatherer.swift */ = {isa = PBXFileReference; lastKnownFileType = sourcecode.swift; path = DataGatherer.swift; sourceTree = "<group>"; };
		0FA9086B2970EC7D002E6AEA /* SearchResultsViewController.swift */ = {isa = PBXFileReference; lastKnownFileType = sourcecode.swift; path = SearchResultsViewController.swift; sourceTree = "<group>"; };
		0FA9086D2970ED10002E6AEA /* SearchResultsTableViewCell.swift */ = {isa = PBXFileReference; lastKnownFileType = sourcecode.swift; path = SearchResultsTableViewCell.swift; sourceTree = "<group>"; };
		0FA9087129711BE2002E6AEA /* SearchResultsHeaderTableViewCell.swift */ = {isa = PBXFileReference; lastKnownFileType = sourcecode.swift; path = SearchResultsHeaderTableViewCell.swift; sourceTree = "<group>"; };
		0FA90873297165F1002E6AEA /* DirectionsViewController.swift */ = {isa = PBXFileReference; lastKnownFileType = sourcecode.swift; path = DirectionsViewController.swift; sourceTree = "<group>"; };
		0FA90875297166A5002E6AEA /* EndpointsTableViewCell.swift */ = {isa = PBXFileReference; lastKnownFileType = sourcecode.swift; path = EndpointsTableViewCell.swift; sourceTree = "<group>"; };
		0FA908772971F70B002E6AEA /* DirectionsTableViewCell.swift */ = {isa = PBXFileReference; lastKnownFileType = sourcecode.swift; path = DirectionsTableViewCell.swift; sourceTree = "<group>"; };
		0FA9087D29726968002E6AEA /* LocationManager.swift */ = {isa = PBXFileReference; lastKnownFileType = sourcecode.swift; path = LocationManager.swift; sourceTree = "<group>"; };
		0FA9087F297272E1002E6AEA /* HomeScreenMenuViewController+Alerts.swift */ = {isa = PBXFileReference; lastKnownFileType = sourcecode.swift; path = "HomeScreenMenuViewController+Alerts.swift"; sourceTree = "<group>"; };
		0FA90881297279C5002E6AEA /* CustomAnnotations.swift */ = {isa = PBXFileReference; lastKnownFileType = sourcecode.swift; path = CustomAnnotations.swift; sourceTree = "<group>"; };
		0FB4FB5B2960C02A0091B616 /* Model.xcdatamodel */ = {isa = PBXFileReference; lastKnownFileType = wrapper.xcdatamodel; path = Model.xcdatamodel; sourceTree = "<group>"; };
		0FBD765629764EC30024A627 /* AnnouncementData.swift */ = {isa = PBXFileReference; lastKnownFileType = sourcecode.swift; path = AnnouncementData.swift; sourceTree = "<group>"; };
		0FBD7658297651A90024A627 /* BusNotification.swift */ = {isa = PBXFileReference; lastKnownFileType = sourcecode.swift; path = BusNotification.swift; sourceTree = "<group>"; };
		0FBD765A29765AB10024A627 /* NotificationsTableViewCell.swift */ = {isa = PBXFileReference; lastKnownFileType = sourcecode.swift; path = NotificationsTableViewCell.swift; sourceTree = "<group>"; };
		0FCD55492965351C0091EAD1 /* Location.swift */ = {isa = PBXFileReference; lastKnownFileType = sourcecode.swift; path = Location.swift; sourceTree = "<group>"; };
		0FEB8F9A29555E6200D2BB1A /* CoordinateConverter.swift */ = {isa = PBXFileReference; lastKnownFileType = sourcecode.swift; path = CoordinateConverter.swift; sourceTree = "<group>"; };
		0FEBBAFB297A545500974000 /* TimeTableHeaderViewCell.swift */ = {isa = PBXFileReference; lastKnownFileType = sourcecode.swift; path = TimeTableHeaderViewCell.swift; sourceTree = "<group>"; };
		3611905BF7494E3A8B6F07BB /* Pods-Aggie Transit.debug.xcconfig */ = {isa = PBXFileReference; includeInIndex = 1; lastKnownFileType = text.xcconfig; name = "Pods-Aggie Transit.debug.xcconfig"; path = "Target Support Files/Pods-Aggie Transit/Pods-Aggie Transit.debug.xcconfig"; sourceTree = "<group>"; };
		461942E911B2AA7AFBB0D7BE /* Pods-Aggie Transit.release.xcconfig */ = {isa = PBXFileReference; includeInIndex = 1; lastKnownFileType = text.xcconfig; name = "Pods-Aggie Transit.release.xcconfig"; path = "Target Support Files/Pods-Aggie Transit/Pods-Aggie Transit.release.xcconfig"; sourceTree = "<group>"; };
		98533FCA8E57C99C2F068E7C /* Pods_Aggie_Transit.framework */ = {isa = PBXFileReference; explicitFileType = wrapper.framework; includeInIndex = 0; path = Pods_Aggie_Transit.framework; sourceTree = BUILT_PRODUCTS_DIR; };
/* End PBXFileReference section */

/* Begin PBXFrameworksBuildPhase section */
		0F36CD3129155B460059BC24 /* Frameworks */ = {
			isa = PBXFrameworksBuildPhase;
			buildActionMask = 2147483647;
			files = (
				7A8363F15CFBB4406D490A79 /* Pods_Aggie_Transit.framework in Frameworks */,
			);
			runOnlyForDeploymentPostprocessing = 0;
		};
/* End PBXFrameworksBuildPhase section */

/* Begin PBXGroup section */
		0F0F8C90295238E300BB617E /* API Data */ = {
			isa = PBXGroup;
			children = (
				0F1AF87D2950E46100BE0C85 /* RouteData.swift */,
				0F0F8C962953F95800BB617E /* PatternData.swift */,
				0F8B6350295A92E7000385C6 /* StopData.swift */,
				0F475E7F296378B600571B8A /* BusData.swift */,
				0FBD765629764EC30024A627 /* AnnouncementData.swift */,
			);
			path = "API Data";
			sourceTree = "<group>";
		};
		0F0F8C93295293D300BB617E /* Extensions */ = {
			isa = PBXGroup;
			children = (
				0F0F8C94295293E300BB617E /* Extensions.swift */,
				0F17E7AD2973ECDE00B7A389 /* Protocols.swift */,
			);
			path = Extensions;
			sourceTree = "<group>";
		};
		0F17E7AF2973F46000B7A389 /* Home Screen Menu */ = {
			isa = PBXGroup;
			children = (
				0F62CD092938847700374C63 /* HomeScreenMenuViewController.swift */,
				0F6DD8F12A623FF8003A6E44 /* HomeScreenMenuViewController+FavoritesTableViewSetup.swift */,
				0F6DD8EA2A62333C003A6E44 /* HomeScrenMenuViewController+UISetup.swift */,
				0F17E7A92973D2B700B7A389 /* HomeScreenMenuViewController+Route Generation.swift */,
				0FA9087F297272E1002E6AEA /* HomeScreenMenuViewController+Alerts.swift */,
			);
			path = "Home Screen Menu";
			sourceTree = "<group>";
		};
		0F36CD2B29155B460059BC24 = {
			isa = PBXGroup;
			children = (
				0F36CD3629155B460059BC24 /* Aggie Transit */,
				0F36CD3529155B460059BC24 /* Products */,
				574A80FF56C20FD1367B37FA /* Pods */,
				A60EAC331CE33560E737E30D /* Frameworks */,
			);
			sourceTree = "<group>";
		};
		0F36CD3529155B460059BC24 /* Products */ = {
			isa = PBXGroup;
			children = (
				0F36CD3429155B460059BC24 /* Aggie Transit.app */,
			);
			name = Products;
			sourceTree = "<group>";
		};
		0F36CD3629155B460059BC24 /* Aggie Transit */ = {
			isa = PBXGroup;
			children = (
				0F36CD3729155B460059BC24 /* AppDelegate.swift */,
				0F36CD3929155B460059BC24 /* SceneDelegate.swift */,
				0FA9087D29726968002E6AEA /* LocationManager.swift */,
				0F933381294FC07D00180E0E /* Model */,
				0F36CD4D29155F560059BC24 /* Views */,
				0F36CD3D29155B460059BC24 /* Main.storyboard */,
				0F36CD4029155B460059BC24 /* Assets.xcassets */,
				0F36CD4229155B460059BC24 /* LaunchScreen.storyboard */,
				0F36CD4529155B460059BC24 /* Info.plist */,
			);
			path = "Aggie Transit";
			sourceTree = "<group>";
		};
		0F36CD4D29155F560059BC24 /* Views */ = {
			isa = PBXGroup;
			children = (
				0F0F8C93295293D300BB617E /* Extensions */,
				0FEE66092919E464004E2C93 /* Table View Cells */,
				0F6E78952960FF2400C81F81 /* Controllers */,
				0F4C5029296398F9000D9771 /* Annotation Views */,
			);
			path = Views;
			sourceTree = "<group>";
		};
		0F4C5029296398F9000D9771 /* Annotation Views */ = {
			isa = PBXGroup;
			children = (
				0FA90881297279C5002E6AEA /* CustomAnnotations.swift */,
			);
			path = "Annotation Views";
			sourceTree = "<group>";
		};
		0F6DD8EE2A623A02003A6E44 /* FavoritesTableViewCell */ = {
			isa = PBXGroup;
			children = (
				0F6DD8EC2A62399B003A6E44 /* FavoritesTableViewCell.swift */,
				0F6DD8EF2A623A1C003A6E44 /* FavoritesTableViewCell+UISetup.swift */,
			);
			path = FavoritesTableViewCell;
			sourceTree = "<group>";
		};
		0F6E78952960FF2400C81F81 /* Controllers */ = {
			isa = PBXGroup;
			children = (
				0F17E7AF2973F46000B7A389 /* Home Screen Menu */,
				0F2F37FD29318150005998AF /* HomeScreenViewController.swift */,
				0FA9086B2970EC7D002E6AEA /* SearchResultsViewController.swift */,
				0FA90873297165F1002E6AEA /* DirectionsViewController.swift */,
				0F17E7AB2973EB5800B7A389 /* BusInformationViewController.swift */,
			);
			path = Controllers;
			sourceTree = "<group>";
		};
		0F9300782975276200AC7FDB /* Search Results */ = {
			isa = PBXGroup;
			children = (
				0FA9087129711BE2002E6AEA /* SearchResultsHeaderTableViewCell.swift */,
				0FA9086D2970ED10002E6AEA /* SearchResultsTableViewCell.swift */,
				0F22D3FE296296A9000AAC01 /* SearchResultsDropDownCell.swift */,
				0F22D3FF296296A9000AAC01 /* SearchResultsDropDownCell.xib */,
			);
			path = "Search Results";
			sourceTree = "<group>";
		};
		0F9300792975277600AC7FDB /* Home Screen Menu */ = {
			isa = PBXGroup;
			children = (
				0F6DD8EE2A623A02003A6E44 /* FavoritesTableViewCell */,
				0F77003F294CB243008C421A /* BusRouteTableViewCell.swift */,
				0F17E7A72973A47C00B7A389 /* RecentLocationsTableViewCell.swift */,
				0FBD765A29765AB10024A627 /* NotificationsTableViewCell.swift */,
			);
			path = "Home Screen Menu";
			sourceTree = "<group>";
		};
		0F93007A297527A600AC7FDB /* Directions  */ = {
			isa = PBXGroup;
			children = (
				0FA90875297166A5002E6AEA /* EndpointsTableViewCell.swift */,
				0FA908772971F70B002E6AEA /* DirectionsTableViewCell.swift */,
			);
			path = "Directions ";
			sourceTree = "<group>";
		};
		0F93007B297527B600AC7FDB /* Bus Information */ = {
			isa = PBXGroup;
			children = (
				0F9300762974BC8700AC7FDB /* TimeTableTableViewCell.swift */,
				0FEBBAFB297A545500974000 /* TimeTableHeaderViewCell.swift */,
			);
			path = "Bus Information";
			sourceTree = "<group>";
		};
		0F933381294FC07D00180E0E /* Model */ = {
			isa = PBXGroup;
			children = (
				0F7C72BA2968AEC00094151C /* RouteGenerator.swift */,
				0FEB8F9929555E4A00D2BB1A /* Converter */,
				0F933382294FC09100180E0E /* DataGatherer.swift */,
				0F8B6352295A93B6000385C6 /* BusStop.swift */,
				0F0F8C912952398600BB617E /* BusRoute.swift */,
				0F0F8C982953FBAB00BB617E /* BusPattern.swift */,
				0F475E812963797900571B8A /* Bus.swift */,
				0FCD55492965351C0091EAD1 /* Location.swift */,
				0FBD7658297651A90024A627 /* BusNotification.swift */,
				0F0F8C90295238E300BB617E /* API Data */,
				0FB4FB5A2960C02A0091B616 /* Model.xcdatamodeld */,
			);
			path = Model;
			sourceTree = "<group>";
		};
		0FEB8F9929555E4A00D2BB1A /* Converter */ = {
			isa = PBXGroup;
			children = (
				0FEB8F9A29555E6200D2BB1A /* CoordinateConverter.swift */,
			);
			path = Converter;
			sourceTree = "<group>";
		};
		0FEE66092919E464004E2C93 /* Table View Cells */ = {
			isa = PBXGroup;
			children = (
				0F9300782975276200AC7FDB /* Search Results */,
				0F9300792975277600AC7FDB /* Home Screen Menu */,
				0F93007A297527A600AC7FDB /* Directions  */,
				0F93007B297527B600AC7FDB /* Bus Information */,
			);
			path = "Table View Cells";
			sourceTree = "<group>";
		};
		574A80FF56C20FD1367B37FA /* Pods */ = {
			isa = PBXGroup;
			children = (
				3611905BF7494E3A8B6F07BB /* Pods-Aggie Transit.debug.xcconfig */,
				461942E911B2AA7AFBB0D7BE /* Pods-Aggie Transit.release.xcconfig */,
			);
			path = Pods;
			sourceTree = "<group>";
		};
		A60EAC331CE33560E737E30D /* Frameworks */ = {
			isa = PBXGroup;
			children = (
				98533FCA8E57C99C2F068E7C /* Pods_Aggie_Transit.framework */,
			);
			name = Frameworks;
			sourceTree = "<group>";
		};
/* End PBXGroup section */

/* Begin PBXNativeTarget section */
		0F36CD3329155B460059BC24 /* Aggie Transit */ = {
			isa = PBXNativeTarget;
			buildConfigurationList = 0F36CD4829155B460059BC24 /* Build configuration list for PBXNativeTarget "Aggie Transit" */;
			buildPhases = (
				7408792D31567968CE1FA770 /* [CP] Check Pods Manifest.lock */,
				0F36CD3029155B460059BC24 /* Sources */,
				0F36CD3129155B460059BC24 /* Frameworks */,
				0F36CD3229155B460059BC24 /* Resources */,
				E36FDF3FF72A97F4A9070D2D /* [CP] Embed Pods Frameworks */,
			);
			buildRules = (
			);
			dependencies = (
			);
			name = "Aggie Transit";
			productName = "Aggie Transit";
			productReference = 0F36CD3429155B460059BC24 /* Aggie Transit.app */;
			productType = "com.apple.product-type.application";
		};
/* End PBXNativeTarget section */

/* Begin PBXProject section */
		0F36CD2C29155B460059BC24 /* Project object */ = {
			isa = PBXProject;
			attributes = {
				BuildIndependentTargetsInParallel = 1;
				LastSwiftUpdateCheck = 1410;
				LastUpgradeCheck = 1410;
				TargetAttributes = {
					0F36CD3329155B460059BC24 = {
						CreatedOnToolsVersion = 14.1;
					};
				};
			};
			buildConfigurationList = 0F36CD2F29155B460059BC24 /* Build configuration list for PBXProject "Aggie Transit" */;
			compatibilityVersion = "Xcode 14.0";
			developmentRegion = en;
			hasScannedForEncodings = 0;
			knownRegions = (
				en,
				Base,
			);
			mainGroup = 0F36CD2B29155B460059BC24;
			productRefGroup = 0F36CD3529155B460059BC24 /* Products */;
			projectDirPath = "";
			projectRoot = "";
			targets = (
				0F36CD3329155B460059BC24 /* Aggie Transit */,
			);
		};
/* End PBXProject section */

/* Begin PBXResourcesBuildPhase section */
		0F36CD3229155B460059BC24 /* Resources */ = {
			isa = PBXResourcesBuildPhase;
			buildActionMask = 2147483647;
			files = (
				0F36CD4429155B460059BC24 /* LaunchScreen.storyboard in Resources */,
				0F36CD4129155B460059BC24 /* Assets.xcassets in Resources */,
				0F36CD3F29155B460059BC24 /* Main.storyboard in Resources */,
				0F22D401296296A9000AAC01 /* SearchResultsDropDownCell.xib in Resources */,
			);
			runOnlyForDeploymentPostprocessing = 0;
		};
/* End PBXResourcesBuildPhase section */

/* Begin PBXShellScriptBuildPhase section */
		7408792D31567968CE1FA770 /* [CP] Check Pods Manifest.lock */ = {
			isa = PBXShellScriptBuildPhase;
			buildActionMask = 2147483647;
			files = (
			);
			inputFileListPaths = (
			);
			inputPaths = (
				"${PODS_PODFILE_DIR_PATH}/Podfile.lock",
				"${PODS_ROOT}/Manifest.lock",
			);
			name = "[CP] Check Pods Manifest.lock";
			outputFileListPaths = (
			);
			outputPaths = (
				"$(DERIVED_FILE_DIR)/Pods-Aggie Transit-checkManifestLockResult.txt",
			);
			runOnlyForDeploymentPostprocessing = 0;
			shellPath = /bin/sh;
			shellScript = "diff \"${PODS_PODFILE_DIR_PATH}/Podfile.lock\" \"${PODS_ROOT}/Manifest.lock\" > /dev/null\nif [ $? != 0 ] ; then\n    # print error to STDERR\n    echo \"error: The sandbox is not in sync with the Podfile.lock. Run 'pod install' or update your CocoaPods installation.\" >&2\n    exit 1\nfi\n# This output is used by Xcode 'outputs' to avoid re-running this script phase.\necho \"SUCCESS\" > \"${SCRIPT_OUTPUT_FILE_0}\"\n";
			showEnvVarsInLog = 0;
		};
		E36FDF3FF72A97F4A9070D2D /* [CP] Embed Pods Frameworks */ = {
			isa = PBXShellScriptBuildPhase;
			buildActionMask = 2147483647;
			files = (
			);
			inputFileListPaths = (
				"${PODS_ROOT}/Target Support Files/Pods-Aggie Transit/Pods-Aggie Transit-frameworks-${CONFIGURATION}-input-files.xcfilelist",
			);
			name = "[CP] Embed Pods Frameworks";
			outputFileListPaths = (
				"${PODS_ROOT}/Target Support Files/Pods-Aggie Transit/Pods-Aggie Transit-frameworks-${CONFIGURATION}-output-files.xcfilelist",
			);
			runOnlyForDeploymentPostprocessing = 0;
			shellPath = /bin/sh;
			shellScript = "\"${PODS_ROOT}/Target Support Files/Pods-Aggie Transit/Pods-Aggie Transit-frameworks.sh\"\n";
			showEnvVarsInLog = 0;
		};
/* End PBXShellScriptBuildPhase section */

/* Begin PBXSourcesBuildPhase section */
		0F36CD3029155B460059BC24 /* Sources */ = {
			isa = PBXSourcesBuildPhase;
			buildActionMask = 2147483647;
			files = (
				0FA90880297272E1002E6AEA /* HomeScreenMenuViewController+Alerts.swift in Sources */,
				0FBD765B29765AB10024A627 /* NotificationsTableViewCell.swift in Sources */,
				0F9300772974BC8700AC7FDB /* TimeTableTableViewCell.swift in Sources */,
				0F0F8C922952398600BB617E /* BusRoute.swift in Sources */,
				0F8B6351295A92E7000385C6 /* StopData.swift in Sources */,
				0F6DD8ED2A62399B003A6E44 /* FavoritesTableViewCell.swift in Sources */,
				0F7C72BB2968AEC00094151C /* RouteGenerator.swift in Sources */,
				0F6DD8EB2A62333C003A6E44 /* HomeScrenMenuViewController+UISetup.swift in Sources */,
				0FA90876297166A5002E6AEA /* EndpointsTableViewCell.swift in Sources */,
				0FEBBAFC297A545500974000 /* TimeTableHeaderViewCell.swift in Sources */,
				0F2F37FE29318150005998AF /* HomeScreenViewController.swift in Sources */,
				0F933383294FC09100180E0E /* DataGatherer.swift in Sources */,
				0F17E7AA2973D2B700B7A389 /* HomeScreenMenuViewController+Route Generation.swift in Sources */,
				0FA9087E29726968002E6AEA /* LocationManager.swift in Sources */,
				0FCD554A2965351C0091EAD1 /* Location.swift in Sources */,
				0FEB8F9B29555E6200D2BB1A /* CoordinateConverter.swift in Sources */,
				0FA9087229711BE2002E6AEA /* SearchResultsHeaderTableViewCell.swift in Sources */,
				0F6DD8F02A623A1C003A6E44 /* FavoritesTableViewCell+UISetup.swift in Sources */,
				0F36CD3829155B460059BC24 /* AppDelegate.swift in Sources */,
				0FB4FB5C2960C02A0091B616 /* Model.xcdatamodeld in Sources */,
				0FA9086E2970ED10002E6AEA /* SearchResultsTableViewCell.swift in Sources */,
				0F8B6353295A93B6000385C6 /* BusStop.swift in Sources */,
				0F0F8C95295293E300BB617E /* Extensions.swift in Sources */,
				0F6DD8F22A623FF8003A6E44 /* HomeScreenMenuViewController+FavoritesTableViewSetup.swift in Sources */,
				0FBD765729764EC30024A627 /* AnnouncementData.swift in Sources */,
				0F475E80296378B600571B8A /* BusData.swift in Sources */,
				0FBD7659297651A90024A627 /* BusNotification.swift in Sources */,
				0F17E7AC2973EB5800B7A389 /* BusInformationViewController.swift in Sources */,
				0F17E7A82973A47C00B7A389 /* RecentLocationsTableViewCell.swift in Sources */,
				0F0F8C972953F95800BB617E /* PatternData.swift in Sources */,
				0F36CD3A29155B460059BC24 /* SceneDelegate.swift in Sources */,
				0FA9086C2970EC7D002E6AEA /* SearchResultsViewController.swift in Sources */,
				0FA908782971F70B002E6AEA /* DirectionsTableViewCell.swift in Sources */,
				0F770040294CB243008C421A /* BusRouteTableViewCell.swift in Sources */,
				0F1AF87E2950E46100BE0C85 /* RouteData.swift in Sources */,
				0FA90874297165F1002E6AEA /* DirectionsViewController.swift in Sources */,
				0F22D400296296A9000AAC01 /* SearchResultsDropDownCell.swift in Sources */,
				0F17E7AE2973ECDE00B7A389 /* Protocols.swift in Sources */,
				0FA90882297279C5002E6AEA /* CustomAnnotations.swift in Sources */,
				0F475E822963797900571B8A /* Bus.swift in Sources */,
				0F0F8C992953FBAB00BB617E /* BusPattern.swift in Sources */,
				0F62CD0A2938847700374C63 /* HomeScreenMenuViewController.swift in Sources */,
			);
			runOnlyForDeploymentPostprocessing = 0;
		};
/* End PBXSourcesBuildPhase section */

/* Begin PBXVariantGroup section */
		0F36CD3D29155B460059BC24 /* Main.storyboard */ = {
			isa = PBXVariantGroup;
			children = (
				0F36CD3E29155B460059BC24 /* Base */,
			);
			name = Main.storyboard;
			sourceTree = "<group>";
		};
		0F36CD4229155B460059BC24 /* LaunchScreen.storyboard */ = {
			isa = PBXVariantGroup;
			children = (
				0F36CD4329155B460059BC24 /* Base */,
			);
			name = LaunchScreen.storyboard;
			sourceTree = "<group>";
		};
/* End PBXVariantGroup section */

/* Begin XCBuildConfiguration section */
		0F36CD4629155B460059BC24 /* Debug */ = {
			isa = XCBuildConfiguration;
			buildSettings = {
				ALWAYS_SEARCH_USER_PATHS = NO;
				CLANG_ANALYZER_NONNULL = YES;
				CLANG_ANALYZER_NUMBER_OBJECT_CONVERSION = YES_AGGRESSIVE;
				CLANG_CXX_LANGUAGE_STANDARD = "gnu++20";
				CLANG_ENABLE_MODULES = YES;
				CLANG_ENABLE_OBJC_ARC = YES;
				CLANG_ENABLE_OBJC_WEAK = YES;
				CLANG_WARN_BLOCK_CAPTURE_AUTORELEASING = YES;
				CLANG_WARN_BOOL_CONVERSION = YES;
				CLANG_WARN_COMMA = YES;
				CLANG_WARN_CONSTANT_CONVERSION = YES;
				CLANG_WARN_DEPRECATED_OBJC_IMPLEMENTATIONS = YES;
				CLANG_WARN_DIRECT_OBJC_ISA_USAGE = YES_ERROR;
				CLANG_WARN_DOCUMENTATION_COMMENTS = YES;
				CLANG_WARN_EMPTY_BODY = YES;
				CLANG_WARN_ENUM_CONVERSION = YES;
				CLANG_WARN_INFINITE_RECURSION = YES;
				CLANG_WARN_INT_CONVERSION = YES;
				CLANG_WARN_NON_LITERAL_NULL_CONVERSION = YES;
				CLANG_WARN_OBJC_IMPLICIT_RETAIN_SELF = YES;
				CLANG_WARN_OBJC_LITERAL_CONVERSION = YES;
				CLANG_WARN_OBJC_ROOT_CLASS = YES_ERROR;
				CLANG_WARN_QUOTED_INCLUDE_IN_FRAMEWORK_HEADER = YES;
				CLANG_WARN_RANGE_LOOP_ANALYSIS = YES;
				CLANG_WARN_STRICT_PROTOTYPES = YES;
				CLANG_WARN_SUSPICIOUS_MOVE = YES;
				CLANG_WARN_UNGUARDED_AVAILABILITY = YES_AGGRESSIVE;
				CLANG_WARN_UNREACHABLE_CODE = YES;
				CLANG_WARN__DUPLICATE_METHOD_MATCH = YES;
				COPY_PHASE_STRIP = NO;
				DEBUG_INFORMATION_FORMAT = dwarf;
				ENABLE_STRICT_OBJC_MSGSEND = YES;
				ENABLE_TESTABILITY = YES;
				GCC_C_LANGUAGE_STANDARD = gnu11;
				GCC_DYNAMIC_NO_PIC = NO;
				GCC_NO_COMMON_BLOCKS = YES;
				GCC_OPTIMIZATION_LEVEL = 0;
				GCC_PREPROCESSOR_DEFINITIONS = (
					"DEBUG=1",
					"$(inherited)",
				);
				GCC_WARN_64_TO_32_BIT_CONVERSION = YES;
				GCC_WARN_ABOUT_RETURN_TYPE = YES_ERROR;
				GCC_WARN_UNDECLARED_SELECTOR = YES;
				GCC_WARN_UNINITIALIZED_AUTOS = YES_AGGRESSIVE;
				GCC_WARN_UNUSED_FUNCTION = YES;
				GCC_WARN_UNUSED_VARIABLE = YES;
				IPHONEOS_DEPLOYMENT_TARGET = 16.1;
				MTL_ENABLE_DEBUG_INFO = INCLUDE_SOURCE;
				MTL_FAST_MATH = YES;
				ONLY_ACTIVE_ARCH = YES;
				SDKROOT = iphoneos;
				SWIFT_ACTIVE_COMPILATION_CONDITIONS = DEBUG;
				SWIFT_OPTIMIZATION_LEVEL = "-Onone";
			};
			name = Debug;
		};
		0F36CD4729155B460059BC24 /* Release */ = {
			isa = XCBuildConfiguration;
			buildSettings = {
				ALWAYS_SEARCH_USER_PATHS = NO;
				CLANG_ANALYZER_NONNULL = YES;
				CLANG_ANALYZER_NUMBER_OBJECT_CONVERSION = YES_AGGRESSIVE;
				CLANG_CXX_LANGUAGE_STANDARD = "gnu++20";
				CLANG_ENABLE_MODULES = YES;
				CLANG_ENABLE_OBJC_ARC = YES;
				CLANG_ENABLE_OBJC_WEAK = YES;
				CLANG_WARN_BLOCK_CAPTURE_AUTORELEASING = YES;
				CLANG_WARN_BOOL_CONVERSION = YES;
				CLANG_WARN_COMMA = YES;
				CLANG_WARN_CONSTANT_CONVERSION = YES;
				CLANG_WARN_DEPRECATED_OBJC_IMPLEMENTATIONS = YES;
				CLANG_WARN_DIRECT_OBJC_ISA_USAGE = YES_ERROR;
				CLANG_WARN_DOCUMENTATION_COMMENTS = YES;
				CLANG_WARN_EMPTY_BODY = YES;
				CLANG_WARN_ENUM_CONVERSION = YES;
				CLANG_WARN_INFINITE_RECURSION = YES;
				CLANG_WARN_INT_CONVERSION = YES;
				CLANG_WARN_NON_LITERAL_NULL_CONVERSION = YES;
				CLANG_WARN_OBJC_IMPLICIT_RETAIN_SELF = YES;
				CLANG_WARN_OBJC_LITERAL_CONVERSION = YES;
				CLANG_WARN_OBJC_ROOT_CLASS = YES_ERROR;
				CLANG_WARN_QUOTED_INCLUDE_IN_FRAMEWORK_HEADER = YES;
				CLANG_WARN_RANGE_LOOP_ANALYSIS = YES;
				CLANG_WARN_STRICT_PROTOTYPES = YES;
				CLANG_WARN_SUSPICIOUS_MOVE = YES;
				CLANG_WARN_UNGUARDED_AVAILABILITY = YES_AGGRESSIVE;
				CLANG_WARN_UNREACHABLE_CODE = YES;
				CLANG_WARN__DUPLICATE_METHOD_MATCH = YES;
				COPY_PHASE_STRIP = NO;
				DEBUG_INFORMATION_FORMAT = "dwarf-with-dsym";
				ENABLE_NS_ASSERTIONS = NO;
				ENABLE_STRICT_OBJC_MSGSEND = YES;
				GCC_C_LANGUAGE_STANDARD = gnu11;
				GCC_NO_COMMON_BLOCKS = YES;
				GCC_WARN_64_TO_32_BIT_CONVERSION = YES;
				GCC_WARN_ABOUT_RETURN_TYPE = YES_ERROR;
				GCC_WARN_UNDECLARED_SELECTOR = YES;
				GCC_WARN_UNINITIALIZED_AUTOS = YES_AGGRESSIVE;
				GCC_WARN_UNUSED_FUNCTION = YES;
				GCC_WARN_UNUSED_VARIABLE = YES;
				IPHONEOS_DEPLOYMENT_TARGET = 16.1;
				MTL_ENABLE_DEBUG_INFO = NO;
				MTL_FAST_MATH = YES;
				SDKROOT = iphoneos;
				SWIFT_COMPILATION_MODE = wholemodule;
				SWIFT_OPTIMIZATION_LEVEL = "-O";
				VALIDATE_PRODUCT = YES;
			};
			name = Release;
		};
		0F36CD4929155B460059BC24 /* Debug */ = {
			isa = XCBuildConfiguration;
			baseConfigurationReference = 3611905BF7494E3A8B6F07BB /* Pods-Aggie Transit.debug.xcconfig */;
			buildSettings = {
				ASSETCATALOG_COMPILER_APPICON_NAME = AppIcon;
				ASSETCATALOG_COMPILER_GLOBAL_ACCENT_COLOR_NAME = AccentColor;
				CODE_SIGN_STYLE = Automatic;
				CURRENT_PROJECT_VERSION = 1;
				DEVELOPMENT_TEAM = PZJW85USTX;
				GENERATE_INFOPLIST_FILE = YES;
				INFOPLIST_FILE = "Aggie Transit/Info.plist";
				INFOPLIST_KEY_LSSupportsOpeningDocumentsInPlace = YES;
				INFOPLIST_KEY_NSLocationAlwaysAndWhenInUseUsageDescription = "Aggie Transit uses your location to determine available bus routes and send you proximity alerts.";
				INFOPLIST_KEY_NSLocationWhenInUseUsageDescription = "Aggie Transit uses your current location to determine availale bus routes.";
				INFOPLIST_KEY_UIApplicationSupportsIndirectInputEvents = YES;
				INFOPLIST_KEY_UILaunchStoryboardName = LaunchScreen;
				INFOPLIST_KEY_UIMainStoryboardFile = Main;
				INFOPLIST_KEY_UIRequiredDeviceCapabilities = "magnetometer location-services gps";
				INFOPLIST_KEY_UIStatusBarStyle = "";
				INFOPLIST_KEY_UISupportedInterfaceOrientations_iPad = "UIInterfaceOrientationPortrait UIInterfaceOrientationPortraitUpsideDown UIInterfaceOrientationLandscapeLeft UIInterfaceOrientationLandscapeRight";
				INFOPLIST_KEY_UISupportedInterfaceOrientations_iPhone = UIInterfaceOrientationPortrait;
				IPHONEOS_DEPLOYMENT_TARGET = 14.0;
				LD_RUNPATH_SEARCH_PATHS = (
					"$(inherited)",
					"@executable_path/Frameworks",
				);
				MARKETING_VERSION = 1.1;
				PRODUCT_BUNDLE_IDENTIFIER = "com.sohamnagawanshi.Aggie-Transit";
				PRODUCT_NAME = "$(TARGET_NAME)";
				SUPPORTED_PLATFORMS = "iphoneos iphonesimulator";
				SUPPORTS_MACCATALYST = NO;
				SUPPORTS_MAC_DESIGNED_FOR_IPHONE_IPAD = NO;
				SWIFT_EMIT_LOC_STRINGS = YES;
				SWIFT_VERSION = 5.0;
				TARGETED_DEVICE_FAMILY = 1;
			};
			name = Debug;
		};
		0F36CD4A29155B460059BC24 /* Release */ = {
			isa = XCBuildConfiguration;
			baseConfigurationReference = 461942E911B2AA7AFBB0D7BE /* Pods-Aggie Transit.release.xcconfig */;
			buildSettings = {
				ASSETCATALOG_COMPILER_APPICON_NAME = AppIcon;
				ASSETCATALOG_COMPILER_GLOBAL_ACCENT_COLOR_NAME = AccentColor;
				CODE_SIGN_STYLE = Automatic;
				CURRENT_PROJECT_VERSION = 1;
				DEVELOPMENT_TEAM = PZJW85USTX;
				GENERATE_INFOPLIST_FILE = YES;
				INFOPLIST_FILE = "Aggie Transit/Info.plist";
				INFOPLIST_KEY_LSSupportsOpeningDocumentsInPlace = YES;
				INFOPLIST_KEY_NSLocationAlwaysAndWhenInUseUsageDescription = "Aggie Transit uses your location to determine available bus routes and send you proximity alerts.";
				INFOPLIST_KEY_NSLocationWhenInUseUsageDescription = "Aggie Transit uses your current location to determine availale bus routes.";
				INFOPLIST_KEY_UIApplicationSupportsIndirectInputEvents = YES;
				INFOPLIST_KEY_UILaunchStoryboardName = LaunchScreen;
				INFOPLIST_KEY_UIMainStoryboardFile = Main;
				INFOPLIST_KEY_UIRequiredDeviceCapabilities = "magnetometer location-services gps";
				INFOPLIST_KEY_UIStatusBarStyle = "";
				INFOPLIST_KEY_UISupportedInterfaceOrientations_iPad = "UIInterfaceOrientationPortrait UIInterfaceOrientationPortraitUpsideDown UIInterfaceOrientationLandscapeLeft UIInterfaceOrientationLandscapeRight";
				INFOPLIST_KEY_UISupportedInterfaceOrientations_iPhone = UIInterfaceOrientationPortrait;
				IPHONEOS_DEPLOYMENT_TARGET = 14.0;
				LD_RUNPATH_SEARCH_PATHS = (
					"$(inherited)",
					"@executable_path/Frameworks",
				);
				MARKETING_VERSION = 1.1;
				PRODUCT_BUNDLE_IDENTIFIER = "com.sohamnagawanshi.Aggie-Transit";
				PRODUCT_NAME = "$(TARGET_NAME)";
				SUPPORTED_PLATFORMS = "iphoneos iphonesimulator";
				SUPPORTS_MACCATALYST = NO;
				SUPPORTS_MAC_DESIGNED_FOR_IPHONE_IPAD = NO;
				SWIFT_EMIT_LOC_STRINGS = YES;
				SWIFT_VERSION = 5.0;
				TARGETED_DEVICE_FAMILY = 1;
			};
			name = Release;
		};
/* End XCBuildConfiguration section */

/* Begin XCConfigurationList section */
		0F36CD2F29155B460059BC24 /* Build configuration list for PBXProject "Aggie Transit" */ = {
			isa = XCConfigurationList;
			buildConfigurations = (
				0F36CD4629155B460059BC24 /* Debug */,
				0F36CD4729155B460059BC24 /* Release */,
			);
			defaultConfigurationIsVisible = 0;
			defaultConfigurationName = Release;
		};
		0F36CD4829155B460059BC24 /* Build configuration list for PBXNativeTarget "Aggie Transit" */ = {
			isa = XCConfigurationList;
			buildConfigurations = (
				0F36CD4929155B460059BC24 /* Debug */,
				0F36CD4A29155B460059BC24 /* Release */,
			);
			defaultConfigurationIsVisible = 0;
			defaultConfigurationName = Release;
		};
/* End XCConfigurationList section */

/* Begin XCVersionGroup section */
		0FB4FB5A2960C02A0091B616 /* Model.xcdatamodeld */ = {
			isa = XCVersionGroup;
			children = (
				0FB4FB5B2960C02A0091B616 /* Model.xcdatamodel */,
			);
			currentVersion = 0FB4FB5B2960C02A0091B616 /* Model.xcdatamodel */;
			path = Model.xcdatamodeld;
			sourceTree = "<group>";
			versionGroupType = wrapper.xcdatamodel;
		};
/* End XCVersionGroup section */
	};
	rootObject = 0F36CD2C29155B460059BC24 /* Project object */;
}
